{
  "nodes": {
    "darwin": {
      "inputs": {
        "nixpkgs": [
          "nixpkgs"
        ]
      },
      "locked": {
        "lastModified": 1634994402,
        "narHash": "sha256-xmlCVVOYGpZoxgOqsDOVF0B0ASrnbNGVAEzID9qh2xo=",
        "owner": "lnl7",
        "repo": "nix-darwin",
        "rev": "44da835ac40dab5fd231298b59d83487382d2fab",
        "type": "github"
      },
      "original": {
        "owner": "lnl7",
        "repo": "nix-darwin",
        "type": "github"
      }
    },
    "emacs": {
      "locked": {
        "lastModified": 1635066892,
        "narHash": "sha256-ZKJaGgwTrUXqjo2ljVyHL/AZzv0y2iirtQbVcVtXffs=",
        "owner": "nix-community",
        "repo": "emacs-overlay",
        "rev": "1ab4f5a1cbed791da8748039d88d4ada25374307",
        "type": "github"
      },
      "original": {
        "owner": "nix-community",
        "repo": "emacs-overlay",
        "type": "github"
      }
    },
    "fish-done": {
      "flake": false,
      "locked": {
        "lastModified": 1633849654,
        "narHash": "sha256-6oeyN9ngXWvps1c5QAUjlyPDQwRWAoxBiVTNmZ4sG8E=",
        "owner": "franciscolourenco",
        "repo": "done",
        "rev": "d6abb267bb3fb7e987a9352bc43dcdb67bac9f06",
        "type": "github"
      },
      "original": {
        "owner": "franciscolourenco",
        "repo": "done",
        "type": "github"
      }
    },
    "flake-compat": {
      "flake": false,
      "locked": {
        "lastModified": 1627913399,
        "narHash": "sha256-hY8g6H2KFL8ownSiFeMOjwPC8P0ueXpCVEbxgda3pko=",
        "owner": "edolstra",
        "repo": "flake-compat",
        "rev": "12c64ca55c1014cdc1b16ed5a804aa8576601ff2",
        "type": "github"
      },
      "original": {
        "owner": "edolstra",
        "repo": "flake-compat",
        "type": "github"
      }
    },
    "flake-utils": {
      "locked": {
        "lastModified": 1634851050,
        "narHash": "sha256-N83GlSGPJJdcqhUxSCS/WwW5pksYf3VP1M13cDRTSVA=",
        "owner": "numtide",
        "repo": "flake-utils",
        "rev": "c91f3de5adaf1de973b797ef7485e441a65b8935",
        "type": "github"
      },
      "original": {
        "owner": "numtide",
        "repo": "flake-utils",
        "type": "github"
      }
    },
    "home-manager": {
      "inputs": {
        "nixpkgs": [
          "nixpkgs"
        ]
      },
      "locked": {
        "lastModified": 1635017514,
        "narHash": "sha256-tdV/y8nJZqKDoqFVE8ORB0drdGdSze2xeWfhWz9M3oo=",
        "owner": "nix-community",
        "repo": "home-manager",
        "rev": "406eeec0b98903561767ce7aca311034d298d53e",
        "type": "github"
      },
      "original": {
        "owner": "nix-community",
        "repo": "home-manager",
        "type": "github"
      }
    },
    "nixos-stable": {
      "locked": {
        "lastModified": 1632408697,
        "narHash": "sha256-JqTfu361AwFmV0WszXLAjfukqGxBbHRopRgdp9A2w8s=",
        "owner": "nixos",
        "repo": "nixpkgs",
        "rev": "a13824fe5e38187fbc75cd598b5c06bdcc13501f",
        "type": "github"
      },
      "original": {
        "owner": "nixos",
        "ref": "nixos-20.09",
        "repo": "nixpkgs",
        "type": "github"
      }
    },
    "nixpkgs": {
      "locked": {
        "lastModified": 1635040645,
        "narHash": "sha256-03rjG21EQKIPS804/EQrwb42WqdwHAPHYn6lsa695LQ=",
        "owner": "nixos",
        "repo": "nixpkgs",
        "rev": "ce24ebd3dcd557d87f115283180051d4af0e7f6e",
        "type": "github"
      },
      "original": {
        "owner": "nixos",
        "ref": "nixpkgs-unstable",
        "repo": "nixpkgs",
        "type": "github"
      }
    },
    "nixpkgs-master": {
      "locked": {
        "lastModified": 1635070701,
        "narHash": "sha256-vlwezyDsGFRKcaffprIXx4dfcyeR30bON1yZiSZTMDc=",
        "owner": "nixos",
        "repo": "nixpkgs",
        "rev": "0920efc96dc2474295f17ae9f71da5baf621246e",
        "type": "github"
      },
      "original": {
        "owner": "nixos",
        "ref": "master",
        "repo": "nixpkgs",
        "type": "github"
      }
    },
    "nixpkgs-stable-darwin": {
      "locked": {
        "lastModified": 1632408697,
        "narHash": "sha256-JqTfu361AwFmV0WszXLAjfukqGxBbHRopRgdp9A2w8s=",
        "owner": "nixos",
        "repo": "nixpkgs",
        "rev": "a13824fe5e38187fbc75cd598b5c06bdcc13501f",
        "type": "github"
      },
      "original": {
        "owner": "nixos",
        "ref": "nixpkgs-20.09-darwin",
        "repo": "nixpkgs",
        "type": "github"
      }
    },
    "root": {
      "inputs": {
        "darwin": "darwin",
        "emacs": "emacs",
        "fish-done": "fish-done",
        "flake-compat": "flake-compat",
        "flake-utils": "flake-utils",
        "home-manager": "home-manager",
        "nixos-stable": "nixos-stable",
        "nixpkgs": "nixpkgs",
        "nixpkgs-master": "nixpkgs-master",
        "nixpkgs-stable-darwin": "nixpkgs-stable-darwin"
      }
    }
  },
  "root": "root",
  "version": 7
}
