{
  "nodes": {
    "darwin": {
      "inputs": {
        "nixpkgs": [
          "nixpkgs"
        ]
      },
      "locked": {
        "lastModified": 1616489387,
        "narHash": "sha256-XHhFOXMUfDZzdL+YWKB0yIBJ4a/tm+agbHV22B3husM=",
        "owner": "hardselius",
        "repo": "nix-darwin",
        "rev": "1f8eb9b128f9afcf84c521729d8a6b4ea5b59b91",
        "type": "github"
      },
      "original": {
        "owner": "hardselius",
        "repo": "nix-darwin",
        "type": "github"
      }
    },
    "emacs": {
      "locked": {
        "lastModified": 1616214656,
        "narHash": "sha256-ceFOGcsbGlP/qtxMBlRGFH5fsbN+uGQYeHUrpgcRS4U=",
        "owner": "nix-community",
        "repo": "emacs-overlay",
        "rev": "d9530a7048f4b1c0f65825202a0ce1d111a1d39a",
        "type": "github"
      },
      "original": {
        "owner": "nix-community",
        "repo": "emacs-overlay",
        "type": "github"
      }
    },
    "fish-done": {
      "flake": false,
      "locked": {
        "lastModified": 1611520292,
        "narHash": "sha256-exW2dF45AuO8jUw3uSu9XG9j4sKhGc7rWYHMKGcq88Q=",
        "owner": "franciscolourenco",
        "repo": "done",
        "rev": "f7886fdc26cd849ddf21fb05d516548914dd060a",
        "type": "github"
      },
      "original": {
        "owner": "franciscolourenco",
        "repo": "done",
        "type": "github"
      }
    },
    "flake-compat": {
      "flake": false,
      "locked": {
        "lastModified": 1606424373,
        "narHash": "sha256-oq8d4//CJOrVj+EcOaSXvMebvuTkmBJuT5tzlfewUnQ=",
        "owner": "edolstra",
        "repo": "flake-compat",
        "rev": "99f1c2157fba4bfe6211a321fd0ee43199025dbf",
        "type": "github"
      },
      "original": {
        "owner": "edolstra",
        "repo": "flake-compat",
        "type": "github"
      }
    },
    "flake-utils": {
      "locked": {
        "lastModified": 1614513358,
        "narHash": "sha256-LakhOx3S1dRjnh0b5Dg3mbZyH0ToC9I8Y2wKSkBaTzU=",
        "owner": "numtide",
        "repo": "flake-utils",
        "rev": "5466c5bbece17adaab2d82fae80b46e807611bf3",
        "type": "github"
      },
      "original": {
        "owner": "numtide",
        "repo": "flake-utils",
        "type": "github"
      }
    },
    "home-manager": {
      "inputs": {
        "nixpkgs": [
          "nixpkgs"
        ]
      },
      "locked": {
        "lastModified": 1616993087,
        "narHash": "sha256-MPmREQbhtq6v7/qzqXesJCz7/PFTxUr5DBetyaEPQJM=",
        "owner": "nix-community",
        "repo": "home-manager",
        "rev": "cbf0667037e6ca16fcc38818b2aa1391de702c6a",
        "type": "github"
      },
      "original": {
        "owner": "nix-community",
        "repo": "home-manager",
        "type": "github"
      }
    },
    "nixos-stable": {
      "locked": {
        "lastModified": 1616977665,
        "narHash": "sha256-MEaFJUozRl0ZJ0h/ZZIG06c8YBUuca/EjmiH022w/z4=",
        "owner": "nixos",
        "repo": "nixpkgs",
        "rev": "d88cdc7bc1a7b3d5a50369bf4d2c7844e4868be2",
        "type": "github"
      },
      "original": {
        "owner": "nixos",
        "ref": "nixos-20.09",
        "repo": "nixpkgs",
        "type": "github"
      }
    },
    "nixpkgs": {
      "locked": {
        "lastModified": 1616670887,
        "narHash": "sha256-wn+l9qJfR5sj5Gq4DheJHAcBDfOs9K2p9seW2f35xzs=",
        "owner": "nixos",
        "repo": "nixpkgs",
        "rev": "c0e881852006b132236cbf0301bd1939bb50867e",
        "type": "github"
      },
      "original": {
        "owner": "nixos",
        "ref": "nixpkgs-unstable",
        "repo": "nixpkgs",
        "type": "github"
      }
    },
    "nixpkgs-master": {
      "locked": {
        "lastModified": 1617042028,
        "narHash": "sha256-bPNpcJn+UasUV34lTZjSZ49jJpAC90sDnYQYJfDDTd0=",
        "owner": "nixos",
        "repo": "nixpkgs",
        "rev": "63be3d6498de5106aa88dc4bdb54dd806070d8d9",
        "type": "github"
      },
      "original": {
        "owner": "nixos",
        "ref": "master",
        "repo": "nixpkgs",
        "type": "github"
      }
    },
    "nixpkgs-stable-darwin": {
      "locked": {
        "lastModified": 1616628936,
        "narHash": "sha256-AlrgEUkhV4nulv35iNV7iRIcssqvbjNg8+mf5B6SM2Q=",
        "owner": "nixos",
        "repo": "nixpkgs",
        "rev": "d395190b24b27a65588f4539c423d9807ad8d4e7",
        "type": "github"
      },
      "original": {
        "owner": "nixos",
        "ref": "nixpkgs-20.09-darwin",
        "repo": "nixpkgs",
        "type": "github"
      }
    },
    "root": {
      "inputs": {
        "darwin": "darwin",
        "emacs": "emacs",
        "fish-done": "fish-done",
        "flake-compat": "flake-compat",
        "flake-utils": "flake-utils",
        "home-manager": "home-manager",
        "nixos-stable": "nixos-stable",
        "nixpkgs": "nixpkgs",
        "nixpkgs-master": "nixpkgs-master",
        "nixpkgs-stable-darwin": "nixpkgs-stable-darwin"
      }
    }
  },
  "root": "root",
  "version": 7
}
