{
  "nodes": {
    "darwin": {
      "inputs": {
        "nixpkgs": [
          "nixpkgs"
        ]
      },
      "locked": {
        "lastModified": 1608628442,
        "narHash": "sha256-MNpNlZ2TqaQNiYuP8UcudfQoZAT/ocwFwFxhANSRt1c=",
        "owner": "lnl7",
        "repo": "nix-darwin",
        "rev": "8834df431736c3037bbef017b24c62bc4ace4645",
        "type": "github"
      },
      "original": {
        "owner": "lnl7",
        "ref": "master",
        "repo": "nix-darwin",
        "type": "github"
      }
    },
    "gccemacs-darwin": {
      "flake": false,
      "locked": {
        "lastModified": 1609597160,
        "narHash": "sha256-B7EETuU/GbuRbfY8PvSmaxNajT/KTKlUbIiXbSpat6I=",
        "owner": "twlz0ne",
        "repo": "nix-gccemacs-darwin",
        "rev": "7804cbb8a44e328db120de253c4ad9df33c023e2",
        "type": "github"
      },
      "original": {
        "owner": "twlz0ne",
        "ref": "master",
        "repo": "nix-gccemacs-darwin",
        "type": "github"
      }
    },
    "home-manager": {
      "inputs": {
        "nixpkgs": [
          "nixpkgs"
        ]
      },
      "locked": {
        "lastModified": 1612902587,
        "narHash": "sha256-VZ7Z1OMFf5ReObu3CCVBsC2DWloTYDjqW1onUKejVrE=",
        "owner": "nix-community",
        "repo": "home-manager",
        "rev": "209566c752c4428c7692c134731971193f06b37c",
        "type": "github"
      },
      "original": {
        "owner": "nix-community",
        "ref": "release-20.09",
        "repo": "home-manager",
        "type": "github"
      }
    },
    "nixpkgs": {
      "locked": {
        "lastModified": 1613477454,
        "narHash": "sha256-XrqPa8pKHai5bFFI5T2ZkYM3hYLlJaxefd64nj2oN2Q=",
        "owner": "nixos",
        "repo": "nixpkgs",
        "rev": "95ce0f52ec10cbfa2b72a2d8623e6a363e77e4dd",
        "type": "github"
      },
      "original": {
        "owner": "nixos",
        "ref": "nixos-20.09",
        "repo": "nixpkgs",
        "type": "github"
      }
    },
    "nur": {
      "locked": {
        "lastModified": 1609075001,
        "narHash": "sha256-jL8fL9Vs0MIQ9L1E4uGgDr2maG0KTekm2q/XdUqISz4=",
        "owner": "nix-community",
        "repo": "NUR",
        "rev": "708dbf372af34c55c5e0faf8d566c13001450aea",
        "type": "github"
      },
      "original": {
        "owner": "nix-community",
        "repo": "NUR",
        "type": "github"
      }
    },
    "root": {
      "inputs": {
        "darwin": "darwin",
        "gccemacs-darwin": "gccemacs-darwin",
        "home-manager": "home-manager",
        "nixpkgs": "nixpkgs",
        "nur": "nur",
        "stable": "stable"
      }
    },
    "stable": {
      "locked": {
        "lastModified": 1608802800,
        "narHash": "sha256-QCpx3LHzunHj+PIXt1sSGfTiM+yxWO7YPfLgo6Lh7Nc=",
        "owner": "nixos",
        "repo": "nixpkgs",
        "rev": "ca119749d86f484066fae7680af8a44ea1f11ca8",
        "type": "github"
      },
      "original": {
        "owner": "nixos",
        "ref": "nixos-20.09",
        "repo": "nixpkgs",
        "type": "github"
      }
    }
  },
  "root": "root",
  "version": 7
}
